{
    "_meta": {
        "hash": {
            "sha256": "655ddde7789099a511c47b239bf13201406ccb5e450046fd6e3d7c8d7b5760fd"
        },
        "pipfile-spec": 6,
        "requires": {
            "python_version": "3.8"
        },
        "sources": [
            {
                "name": "pypi",
                "url": "https://pypi.org/simple",
                "verify_ssl": true
            }
        ]
    },
    "default": {
        "harrix-pylib": {
            "hashes": [
                "sha256:4660a9bb85f051123da472a8df45b02927f5820d93f528fefdbccab3ecd5f859"
            ],
            "index": "pypi",
            "version": "==0.1"
        },
        "markdown": {
            "hashes": [
                "sha256:31b5b491868dcc87d6c24b7e3d19a0d730d59d3e46f4eea6430a321bed387a49",
                "sha256:96c3ba1261de2f7547b46a00ea8463832c921d3f9d6aba3f255a6f71386db20c"
            ],
            "index": "pypi",
            "version": "==3.3.4"
        }
    },
    "develop": {}
}
